{
  "nodes": {
    "nixpkgs": {
      "locked": {
        "lastModified": 1689467367,
        "narHash": "sha256-Bcf19Y/yQcA75J1H+q0Q4XjBngCTBC7c/9xgCxQD5ic=",
        "owner": "nixos",
        "repo": "nixpkgs",
        "rev": "7e281993bbc6f09832c2018b3838fc4da14b32d6",
        "type": "github"
      },
      "original": {
        "owner": "nixos",
        "repo": "nixpkgs",
        "type": "github"
      }
    },
    "root": {
      "inputs": {
        "nixpkgs": "nixpkgs"
      }
    }
  },
  "root": "root",
  "version": 7
}
